
Microsoft Visual Studio Solution File, Format Version 12.00
# Visual Studio 15
VisualStudioVersion = 15.0.27703.2042
MinimumVisualStudioVersion = 10.0.40219.1
Project("{FAE04EC0-301F-11D3-BF4B-00C04F79EFBC}") = "Facebook.UI", "Facebook.UI\Facebook.UI.csproj", "{29C5CEDA-9AE0-4717-931E-016693691D59}"
EndProject
Project("{FAE04EC0-301F-11D3-BF4B-00C04F79EFBC}") = "Facebook.Logic", "Facebook.Logic\Facebook.Logic.csproj", "{DCC6891F-9AFE-401A-874B-447DE42C418D}"
EndProject
Global
	GlobalSection(SolutionConfigurationPlatforms) = preSolution
		Debug|Any CPU = Debug|Any CPU
		Release|Any CPU = Release|Any CPU
	EndGlobalSection
	GlobalSection(ProjectConfigurationPlatforms) = postSolution
		{29C5CEDA-9AE0-4717-931E-016693691D59}.Debug|Any CPU.ActiveCfg = Debug|Any CPU
		{29C5CEDA-9AE0-4717-931E-016693691D59}.Debug|Any CPU.Build.0 = Debug|Any CPU
		{29C5CEDA-9AE0-4717-931E-016693691D59}.Release|Any CPU.ActiveCfg = Release|Any CPU
		{29C5CEDA-9AE0-4717-931E-016693691D59}.Release|Any CPU.Build.0 = Release|Any CPU
		{DCC6891F-9AFE-401A-874B-447DE42C418D}.Debug|Any CPU.ActiveCfg = Debug|Any CPU
		{DCC6891F-9AFE-401A-874B-447DE42C418D}.Debug|Any CPU.Build.0 = Debug|Any CPU
		{DCC6891F-9AFE-401A-874B-447DE42C418D}.Release|Any CPU.ActiveCfg = Release|Any CPU
		{DCC6891F-9AFE-401A-874B-447DE42C418D}.Release|Any CPU.Build.0 = Release|Any CPU
	EndGlobalSection
	GlobalSection(SolutionProperties) = preSolution
		HideSolutionNode = FALSE
	EndGlobalSection
	GlobalSection(ExtensibilityGlobals) = postSolution
		SolutionGuid = {C93817DB-3831-41D7-8EC6-D354C619E5E0}
	EndGlobalSection
EndGlobal
